
Microsoft Visual Studio Solution File, Format Version 12.00
# Visual Studio Version 17
VisualStudioVersion = 17.12.35527.113
MinimumVisualStudioVersion = 10.0.40219.1
Project("{FAE04EC0-301F-11D3-BF4B-00C04F79EFBC}") = "WebApplication1", "WebApplication1\WebApplication1.csproj", "{98FCC272-65B1-4B36-947E-86CCFC5B5EB8}"
EndProject
Project("{FAE04EC0-301F-11D3-BF4B-00C04F79EFBC}") = "ClassLibrary1", "ClassLibrary1\ClassLibrary1.csproj", "{F8ACD66D-AAFF-4358-9637-037986685DDF}"
EndProject
Project("{FAE04EC0-301F-11D3-BF4B-00C04F79EFBC}") = "biznis", "biznis\biznis.csproj", "{C0AA0627-6D9F-4B60-ABF7-961EA0A9D1D6}"
EndProject
Project("{FAE04EC0-301F-11D3-BF4B-00C04F79EFBC}") = "Common", "Common\Common.csproj", "{5DA63367-C0A1-4C78-A88A-4052083BD3C8}"
EndProject
Project("{FAE04EC0-301F-11D3-BF4B-00C04F79EFBC}") = "ReactAPI", "ReactAPI\ReactAPI.csproj", "{41F32713-8433-47E1-81A8-996713B9428F}"
EndProject
Global
	GlobalSection(SolutionConfigurationPlatforms) = preSolution
		Debug|Any CPU = Debug|Any CPU
		Release|Any CPU = Release|Any CPU
	EndGlobalSection
	GlobalSection(ProjectConfigurationPlatforms) = postSolution
		{98FCC272-65B1-4B36-947E-86CCFC5B5EB8}.Debug|Any CPU.ActiveCfg = Debug|Any CPU
		{98FCC272-65B1-4B36-947E-86CCFC5B5EB8}.Debug|Any CPU.Build.0 = Debug|Any CPU
		{98FCC272-65B1-4B36-947E-86CCFC5B5EB8}.Release|Any CPU.ActiveCfg = Release|Any CPU
		{98FCC272-65B1-4B36-947E-86CCFC5B5EB8}.Release|Any CPU.Build.0 = Release|Any CPU
		{F8ACD66D-AAFF-4358-9637-037986685DDF}.Debug|Any CPU.ActiveCfg = Debug|Any CPU
		{F8ACD66D-AAFF-4358-9637-037986685DDF}.Debug|Any CPU.Build.0 = Debug|Any CPU
		{F8ACD66D-AAFF-4358-9637-037986685DDF}.Release|Any CPU.ActiveCfg = Release|Any CPU
		{F8ACD66D-AAFF-4358-9637-037986685DDF}.Release|Any CPU.Build.0 = Release|Any CPU
		{C0AA0627-6D9F-4B60-ABF7-961EA0A9D1D6}.Debug|Any CPU.ActiveCfg = Debug|Any CPU
		{C0AA0627-6D9F-4B60-ABF7-961EA0A9D1D6}.Debug|Any CPU.Build.0 = Debug|Any CPU
		{C0AA0627-6D9F-4B60-ABF7-961EA0A9D1D6}.Release|Any CPU.ActiveCfg = Release|Any CPU
		{C0AA0627-6D9F-4B60-ABF7-961EA0A9D1D6}.Release|Any CPU.Build.0 = Release|Any CPU
		{5DA63367-C0A1-4C78-A88A-4052083BD3C8}.Debug|Any CPU.ActiveCfg = Debug|Any CPU
		{5DA63367-C0A1-4C78-A88A-4052083BD3C8}.Debug|Any CPU.Build.0 = Debug|Any CPU
		{5DA63367-C0A1-4C78-A88A-4052083BD3C8}.Release|Any CPU.ActiveCfg = Release|Any CPU
		{5DA63367-C0A1-4C78-A88A-4052083BD3C8}.Release|Any CPU.Build.0 = Release|Any CPU
		{41F32713-8433-47E1-81A8-996713B9428F}.Debug|Any CPU.ActiveCfg = Debug|Any CPU
		{41F32713-8433-47E1-81A8-996713B9428F}.Debug|Any CPU.Build.0 = Debug|Any CPU
		{41F32713-8433-47E1-81A8-996713B9428F}.Release|Any CPU.ActiveCfg = Release|Any CPU
		{41F32713-8433-47E1-81A8-996713B9428F}.Release|Any CPU.Build.0 = Release|Any CPU
	EndGlobalSection
	GlobalSection(SolutionProperties) = preSolution
		HideSolutionNode = FALSE
	EndGlobalSection
	GlobalSection(ExtensibilityGlobals) = postSolution
		SolutionGuid = {70BFC1BC-EC68-4039-B5DF-88F475A1AC2C}
	EndGlobalSection
EndGlobal
